{
  "name": "dummy_6_0",
  "version": "0.1.0",
  "lockfileVersion": 1,
  "requires": true,
  "dependencies": {
    "@rails/actioncable": {
      "version": "6.0.2",
      "resolved": "https://registry.npmjs.org/@rails/actioncable/-/actioncable-6.0.2.tgz",
      "integrity": "sha512-vN78gohsXPlC5jxBHlmiwkUI9bv6SulcZaE72kAIg/G4ou+wTdiMWPJK1bf2IxUNf+sfOjhl+tbRmY4AzJcgrw=="
    },
    "@rails/activestorage": {
      "version": "6.0.2",
      "resolved": "https://registry.npmjs.org/@rails/activestorage/-/activestorage-6.0.2.tgz",
      "integrity": "sha512-X0uGBLNsSKvVw5n93rH7k+7rbxc3Cq7p0ShiQbrk1cN0xflGjElzEJRY3okZZHsKkCV+h6rFCk0BOBVrLSrJ0A==",
      "requires": {
        "spark-md5": "^3.0.0"
      }
    },
    "@rails/ujs": {
      "version": "6.0.2",
      "resolved": "https://registry.npmjs.org/@rails/ujs/-/ujs-6.0.2.tgz",
      "integrity": "sha512-KSQjJG8yzSWC1IT+UtFQglefABU37hpJ7uAz39K1/iWtoaJaI9ydGIaxxpJBT/PmYv4kS6lCSjXq13DELeJocw=="
    },
    "spark-md5": {
      "version": "3.0.0",
      "resolved": "https://registry.npmjs.org/spark-md5/-/spark-md5-3.0.0.tgz",
      "integrity": "sha1-NyIifFTi+vJLHcbZM8wUTm9xv+8="
    },
    "turbolinks": {
      "version": "5.2.0",
      "resolved": "https://registry.npmjs.org/turbolinks/-/turbolinks-5.2.0.tgz",
      "integrity": "sha512-pMiez3tyBo6uRHFNNZoYMmrES/IaGgMhQQM+VFF36keryjb5ms0XkVpmKHkfW/4Vy96qiGW3K9bz0tF5sK9bBw=="
    }
  }
}
